
Microsoft Visual Studio Solution File, Format Version 12.00
# Visual Studio Version 16
VisualStudioVersion = 16.0.31702.278
MinimumVisualStudioVersion = 10.0.40219.1
Project("{FAE04EC0-301F-11D3-BF4B-00C04F79EFBC}") = "GUI3", "GUI3.csproj", "{A5F9B7B9-5089-464B-AD00-42EA6A928813}"
EndProject
Global
	GlobalSection(SolutionConfigurationPlatforms) = preSolution
		Debug|Any CPU = Debug|Any CPU
		Release|Any CPU = Release|Any CPU
	EndGlobalSection
	GlobalSection(ProjectConfigurationPlatforms) = postSolution
		{A5F9B7B9-5089-464B-AD00-42EA6A928813}.Debug|Any CPU.ActiveCfg = Debug|Any CPU
		{A5F9B7B9-5089-464B-AD00-42EA6A928813}.Debug|Any CPU.Build.0 = Debug|Any CPU
		{A5F9B7B9-5089-464B-AD00-42EA6A928813}.Release|Any CPU.ActiveCfg = Release|Any CPU
		{A5F9B7B9-5089-464B-AD00-42EA6A928813}.Release|Any CPU.Build.0 = Release|Any CPU
	EndGlobalSection
	GlobalSection(SolutionProperties) = preSolution
		HideSolutionNode = FALSE
	EndGlobalSection
	GlobalSection(ExtensibilityGlobals) = postSolution
		SolutionGuid = {3372B009-D98C-4819-A787-37892A1EFC9F}
	EndGlobalSection
EndGlobal
