
Microsoft Visual Studio Solution File, Format Version 12.00
# Visual Studio Version 16
VisualStudioVersion = 16.0.31727.386
MinimumVisualStudioVersion = 10.0.40219.1
Project("{FAE04EC0-301F-11D3-BF4B-00C04F79EFBC}") = "Day24_JSON", "Day24_JSON.csproj", "{78965409-6826-4554-BF2F-E17993D3A197}"
EndProject
Global
	GlobalSection(SolutionConfigurationPlatforms) = preSolution
		Debug|Any CPU = Debug|Any CPU
		Release|Any CPU = Release|Any CPU
	EndGlobalSection
	GlobalSection(ProjectConfigurationPlatforms) = postSolution
		{78965409-6826-4554-BF2F-E17993D3A197}.Debug|Any CPU.ActiveCfg = Debug|Any CPU
		{78965409-6826-4554-BF2F-E17993D3A197}.Debug|Any CPU.Build.0 = Debug|Any CPU
		{78965409-6826-4554-BF2F-E17993D3A197}.Release|Any CPU.ActiveCfg = Release|Any CPU
		{78965409-6826-4554-BF2F-E17993D3A197}.Release|Any CPU.Build.0 = Release|Any CPU
	EndGlobalSection
	GlobalSection(SolutionProperties) = preSolution
		HideSolutionNode = FALSE
	EndGlobalSection
	GlobalSection(ExtensibilityGlobals) = postSolution
		SolutionGuid = {B5BFC658-DDC9-4D28-AD2C-62B1D12E6399}
	EndGlobalSection
EndGlobal
