
Microsoft Visual Studio Solution File, Format Version 12.00
# Visual Studio Version 16
VisualStudioVersion = 16.0.31424.327
MinimumVisualStudioVersion = 10.0.40219.1
Project("{FAE04EC0-301F-11D3-BF4B-00C04F79EFBC}") = "Day17", "Day17.csproj", "{182BA70E-110E-4446-B4A0-B174B537B3E5}"
EndProject
Global
	GlobalSection(SolutionConfigurationPlatforms) = preSolution
		Debug|Any CPU = Debug|Any CPU
		Release|Any CPU = Release|Any CPU
	EndGlobalSection
	GlobalSection(ProjectConfigurationPlatforms) = postSolution
		{182BA70E-110E-4446-B4A0-B174B537B3E5}.Debug|Any CPU.ActiveCfg = Debug|Any CPU
		{182BA70E-110E-4446-B4A0-B174B537B3E5}.Debug|Any CPU.Build.0 = Debug|Any CPU
		{182BA70E-110E-4446-B4A0-B174B537B3E5}.Release|Any CPU.ActiveCfg = Release|Any CPU
		{182BA70E-110E-4446-B4A0-B174B537B3E5}.Release|Any CPU.Build.0 = Release|Any CPU
	EndGlobalSection
	GlobalSection(SolutionProperties) = preSolution
		HideSolutionNode = FALSE
	EndGlobalSection
	GlobalSection(ExtensibilityGlobals) = postSolution
		SolutionGuid = {0C610CD5-0FDC-4D60-B184-8A81D7C97E16}
	EndGlobalSection
EndGlobal
