
Microsoft Visual Studio Solution File, Format Version 12.00
# Visual Studio Version 16
VisualStudioVersion = 16.0.31424.327
MinimumVisualStudioVersion = 10.0.40219.1
Project("{FAE04EC0-301F-11D3-BF4B-00C04F79EFBC}") = "Day1_Intro", "Day1_Intro.csproj", "{EDD85E05-6BDC-4CC9-860C-A2D1FD588AEB}"
EndProject
Global
	GlobalSection(SolutionConfigurationPlatforms) = preSolution
		Debug|Any CPU = Debug|Any CPU
		Release|Any CPU = Release|Any CPU
	EndGlobalSection
	GlobalSection(ProjectConfigurationPlatforms) = postSolution
		{EDD85E05-6BDC-4CC9-860C-A2D1FD588AEB}.Debug|Any CPU.ActiveCfg = Debug|Any CPU
		{EDD85E05-6BDC-4CC9-860C-A2D1FD588AEB}.Debug|Any CPU.Build.0 = Debug|Any CPU
		{EDD85E05-6BDC-4CC9-860C-A2D1FD588AEB}.Release|Any CPU.ActiveCfg = Release|Any CPU
		{EDD85E05-6BDC-4CC9-860C-A2D1FD588AEB}.Release|Any CPU.Build.0 = Release|Any CPU
	EndGlobalSection
	GlobalSection(SolutionProperties) = preSolution
		HideSolutionNode = FALSE
	EndGlobalSection
	GlobalSection(ExtensibilityGlobals) = postSolution
		SolutionGuid = {EEFDC659-3D1B-46EE-A5EA-ADFCFA31506D}
	EndGlobalSection
EndGlobal
