
Microsoft Visual Studio Solution File, Format Version 12.00
# Visual Studio Version 16
VisualStudioVersion = 16.0.31424.327
MinimumVisualStudioVersion = 10.0.40219.1
Project("{FAE04EC0-301F-11D3-BF4B-00C04F79EFBC}") = "Day16", "Day16.csproj", "{500D499D-5373-44F5-8EF4-50E126BB0B2B}"
EndProject
Global
	GlobalSection(SolutionConfigurationPlatforms) = preSolution
		Debug|Any CPU = Debug|Any CPU
		Release|Any CPU = Release|Any CPU
	EndGlobalSection
	GlobalSection(ProjectConfigurationPlatforms) = postSolution
		{500D499D-5373-44F5-8EF4-50E126BB0B2B}.Debug|Any CPU.ActiveCfg = Debug|Any CPU
		{500D499D-5373-44F5-8EF4-50E126BB0B2B}.Debug|Any CPU.Build.0 = Debug|Any CPU
		{500D499D-5373-44F5-8EF4-50E126BB0B2B}.Release|Any CPU.ActiveCfg = Release|Any CPU
		{500D499D-5373-44F5-8EF4-50E126BB0B2B}.Release|Any CPU.Build.0 = Release|Any CPU
	EndGlobalSection
	GlobalSection(SolutionProperties) = preSolution
		HideSolutionNode = FALSE
	EndGlobalSection
	GlobalSection(ExtensibilityGlobals) = postSolution
		SolutionGuid = {0D43F034-65E8-4057-9678-F4DE73EE5287}
	EndGlobalSection
EndGlobal
